
Microsoft Visual Studio Solution File, Format Version 12.00
# Visual Studio Version 17
VisualStudioVersion = 17.13.35605.110 d17.13
MinimumVisualStudioVersion = 10.0.40219.1
Project("{FAE04EC0-301F-11D3-BF4B-00C04F79EFBC}") = "30-CleanCode", "30-CleanCode\30-CleanCode.csproj", "{BFFAF753-38DF-1EF7-E152-16BAD2FD0AB5}"
EndProject
Global
	GlobalSection(SolutionConfigurationPlatforms) = preSolution
		Debug|Any CPU = Debug|Any CPU
		Release|Any CPU = Release|Any CPU
	EndGlobalSection
	GlobalSection(ProjectConfigurationPlatforms) = postSolution
		{BFFAF753-38DF-1EF7-E152-16BAD2FD0AB5}.Debug|Any CPU.ActiveCfg = Debug|Any CPU
		{BFFAF753-38DF-1EF7-E152-16BAD2FD0AB5}.Debug|Any CPU.Build.0 = Debug|Any CPU
		{BFFAF753-38DF-1EF7-E152-16BAD2FD0AB5}.Release|Any CPU.ActiveCfg = Release|Any CPU
		{BFFAF753-38DF-1EF7-E152-16BAD2FD0AB5}.Release|Any CPU.Build.0 = Release|Any CPU
	EndGlobalSection
	GlobalSection(SolutionProperties) = preSolution
		HideSolutionNode = FALSE
	EndGlobalSection
	GlobalSection(ExtensibilityGlobals) = postSolution
		SolutionGuid = {21BA9828-136E-4A92-AAC4-CAD24E643E7E}
	EndGlobalSection
EndGlobal
